
Microsoft Visual Studio Solution File, Format Version 12.00
# Visual Studio Version 17
VisualStudioVersion = 17.14.36511.14
MinimumVisualStudioVersion = 10.0.40219.1
Project("{2150E333-8FDC-42A3-9474-1A3956D46DE8}") = "Task0", "Task0", "{02EA681E-C7D8-13C7-8484-4AC65E1B71E8}"
EndProject
Project("{2150E333-8FDC-42A3-9474-1A3956D46DE8}") = "Task2", "Task2", "{7D01EEFA-2535-4B24-B9DD-3EFD95E72199}"
EndProject
Project("{2150E333-8FDC-42A3-9474-1A3956D46DE8}") = "Task3", "Task3", "{68439F93-D688-40F6-9930-889B1027D18D}"
EndProject
Project("{2150E333-8FDC-42A3-9474-1A3956D46DE8}") = "Task4", "Task4", "{F06B95EE-66EA-4B50-AFC5-B8A4EBEE7276}"
EndProject
Project("{2150E333-8FDC-42A3-9474-1A3956D46DE8}") = "Task5", "Task5", "{7C9CB31D-A0CE-41A0-B1D6-0DC9022FF497}"
EndProject
Project("{2150E333-8FDC-42A3-9474-1A3956D46DE8}") = "Task6", "Task6", "{3CCF1C0B-1429-4E17-969F-6AEDE9680997}"
EndProject
Project("{2150E333-8FDC-42A3-9474-1A3956D46DE8}") = "Task7", "Task7", "{2D38B3EA-6AA6-45A2-8C9C-438BA0C94A03}"
EndProject
Project("{FAE04EC0-301F-11D3-BF4B-00C04F79EFBC}") = "Tyuiu.AtanaevRI.Sprint6.Task0.V30", "Tyuiu.AtanaevRI.Sprint6.Task0.V30\Tyuiu.AtanaevRI.Sprint6.Task0.V30.csproj", "{A04300C8-7DCF-4136-AA4A-ACAEC0B87422}"
EndProject
Project("{FAE04EC0-301F-11D3-BF4B-00C04F79EFBC}") = "Tyuiu.AtanaevRI.Sprint6.Task0.V30.Lib", "Tyuiu.AtanaevRI.Sprint6.Task0.V30.Lib\Tyuiu.AtanaevRI.Sprint6.Task0.V30.Lib.csproj", "{42CE4FAF-1027-4ECB-8B18-57DAE4A22A7F}"
EndProject
Project("{FAE04EC0-301F-11D3-BF4B-00C04F79EFBC}") = "Tyuiu.AtanaevRI.Sprint6.Task0.V30.Test", "Tyuiu.AtanaevRI.Sprint6.Task0.V30.Test\Tyuiu.AtanaevRI.Sprint6.Task0.V30.Test.csproj", "{9466DFAF-846F-4661-B1A7-AB300AB7D0F6}"
EndProject
Project("{2150E333-8FDC-42A3-9474-1A3956D46DE8}") = "Task1", "Task1", "{67DA78E5-55DE-4A71-8D27-E6C1127726E6}"
EndProject
Project("{FAE04EC0-301F-11D3-BF4B-00C04F79EFBC}") = "Tyuiu.AtanaevRI.Sprint6.Task1.V30", "Tyuiu.AtanaevRI.Sprint6.Task1.V30\Tyuiu.AtanaevRI.Sprint6.Task1.V30.csproj", "{3BB3B699-4B6B-4B86-9C48-A1329DA3BC89}"
EndProject
Project("{FAE04EC0-301F-11D3-BF4B-00C04F79EFBC}") = "Tyuiu.AtanaevRI.Sprint6.Task1.V30.Lib", "Tyuiu.AtanaevRI.Sprint6.Task1.V30.Lib\Tyuiu.AtanaevRI.Sprint6.Task1.V30.Lib.csproj", "{D9D02D0E-34A6-4F82-BA72-43BCBD0BE3A8}"
EndProject
Project("{FAE04EC0-301F-11D3-BF4B-00C04F79EFBC}") = "Tyuiu.AtanaevRI.Sprint6.Task1.V30.Test", "Tyuiu.AtanaevRI.Sprint6.Task1.V30.Test\Tyuiu.AtanaevRI.Sprint6.Task1.V30.Test.csproj", "{113AC803-1762-4624-A977-3990B50837FA}"
EndProject
Project("{FAE04EC0-301F-11D3-BF4B-00C04F79EFBC}") = "Tyuiu.AtanaevRI.Sprint6.Task2.V17", "Tyuiu.AtanaevRI.Sprint6.Task2.V17\Tyuiu.AtanaevRI.Sprint6.Task2.V17.csproj", "{143FE6B8-ED8E-4515-AD02-5C635D6E0670}"
EndProject
Project("{FAE04EC0-301F-11D3-BF4B-00C04F79EFBC}") = "Tyuiu.AtanaevRI.Sprint6.Task2.V17.Lib", "Tyuiu.AtanaevRI.Sprint6.Task2.V17.Lib\Tyuiu.AtanaevRI.Sprint6.Task2.V17.Lib.csproj", "{A7E6E223-8A5C-4C51-8698-AF371604199B}"
EndProject
Project("{FAE04EC0-301F-11D3-BF4B-00C04F79EFBC}") = "Tyuiu.AtanaevRI.Sprint6.Task2.V17.Test", "Tyuiu.AtanaevRI.Sprint6.Task2.V17.Test\Tyuiu.AtanaevRI.Sprint6.Task2.V17.Test.csproj", "{9728827A-DD29-4EEE-AC11-D3FDC6DE4A51}"
EndProject
Project("{FAE04EC0-301F-11D3-BF4B-00C04F79EFBC}") = "Tyuiu.AtanaevRI.Sprint6.Task3.V24", "Tyuiu.AtanaevRI.Sprint6.Task3.V24\Tyuiu.AtanaevRI.Sprint6.Task3.V24.csproj", "{8C5A5B3D-1A91-4898-9911-06A7A795CC17}"
EndProject
Project("{FAE04EC0-301F-11D3-BF4B-00C04F79EFBC}") = "Tyuiu.AtanaevRI.Sprint6.Task3.V24.Lib", "Tyuiu.AtanaevRI.Sprint6.Task3.V24.Lib\Tyuiu.AtanaevRI.Sprint6.Task3.V24.Lib.csproj", "{6C1F39B3-575B-454F-8165-DE7D2CA09E34}"
EndProject
Project("{FAE04EC0-301F-11D3-BF4B-00C04F79EFBC}") = "Tyuiu.AtanaevRI.Sprint6.Task3.V24.Test", "Tyuiu.AtanaevRI.Sprint6.Task3.V24.Test\Tyuiu.AtanaevRI.Sprint6.Task3.V24.Test.csproj", "{66EFF904-697E-4A18-A49B-AE48FCA197CF}"
EndProject
Project("{FAE04EC0-301F-11D3-BF4B-00C04F79EFBC}") = "Tyuiu.AtanaevRI.Sprint6.Task4.V4", "Tyuiu.AtanaevRI.Sprint6.Task4.V4\Tyuiu.AtanaevRI.Sprint6.Task4.V4.csproj", "{928BD58D-5013-42F7-B8B4-E3356FE2739D}"
EndProject
Project("{FAE04EC0-301F-11D3-BF4B-00C04F79EFBC}") = "Tyuiu.AtanaevRI.Sprint6.Task4.V4.Lib", "Tyuiu.AtanaevRI.Sprint6.Task4.V4.Lib\Tyuiu.AtanaevRI.Sprint6.Task4.V4.Lib.csproj", "{BF9B9968-860E-414E-AEB6-77CB9272C55C}"
EndProject
Project("{FAE04EC0-301F-11D3-BF4B-00C04F79EFBC}") = "Tyuiu.AtanaevRI.Sprint6.Task4.V4.Test", "Tyuiu.AtanaevRI.Sprint6.Task4.V4.Test\Tyuiu.AtanaevRI.Sprint6.Task4.V4.Test.csproj", "{F12EB80A-6BA5-41F5-AA40-9ECC1DBDC3FE}"
EndProject
Project("{FAE04EC0-301F-11D3-BF4B-00C04F79EFBC}") = "Tyuiu.AtanaevRI.Sprint6.Task5.V23", "Tyuiu.AtanaevRI.Sprint6.Task5.V23\Tyuiu.AtanaevRI.Sprint6.Task5.V23.csproj", "{93A4E298-F41F-4AF1-91B8-934EC481B471}"
EndProject
Project("{FAE04EC0-301F-11D3-BF4B-00C04F79EFBC}") = "Tyuiu.AtanaevRI.Sprint6.Task5.V23.Lib", "Tyuiu.AtanaevRI.Sprint6.Task5.V23.Lib\Tyuiu.AtanaevRI.Sprint6.Task5.V23.Lib.csproj", "{D4B2B992-31AE-4694-AF0A-AB034FF44A44}"
EndProject
Project("{FAE04EC0-301F-11D3-BF4B-00C04F79EFBC}") = "Tyuiu.AtanaevRI.Sprint6.Task5.V23.Test", "Tyuiu.AtanaevRI.Sprint6.Task5.V23.Test\Tyuiu.AtanaevRI.Sprint6.Task5.V23.Test.csproj", "{0CCFC392-EF9E-4FF4-AEBA-9D20A5D4E745}"
EndProject
Project("{FAE04EC0-301F-11D3-BF4B-00C04F79EFBC}") = "Tyuiu.AtanaevRI.Sprint6.Task6.V8", "Tyuiu.AtanaevRI.Sprint6.Task6.V8\Tyuiu.AtanaevRI.Sprint6.Task6.V8.csproj", "{5DDE3599-9769-4B8D-9E0B-AC55E5423EB6}"
EndProject
Project("{FAE04EC0-301F-11D3-BF4B-00C04F79EFBC}") = "Tyuiu.AtanaevRI.Sprint6.Task6.V8.Lib", "Tyuiu.AtanaevRI.Sprint6.Task6.V8.Lib\Tyuiu.AtanaevRI.Sprint6.Task6.V8.Lib.csproj", "{6311E595-1183-420C-8DE3-DB7ECB6B31D4}"
EndProject
Project("{FAE04EC0-301F-11D3-BF4B-00C04F79EFBC}") = "Tyuiu.AtanaevRI.Sprint6.Task6.V8.Test", "Tyuiu.AtanaevRI.Sprint6.Task6.V8.Test\Tyuiu.AtanaevRI.Sprint6.Task6.V8.Test.csproj", "{3FDE034C-5317-42B7-8D47-CDBB96B4A94A}"
EndProject
Project("{FAE04EC0-301F-11D3-BF4B-00C04F79EFBC}") = "Tyuiu.AtanaevRI.Sprint6.Task7.V4.Lib", "Tyuiu.AtanaevRI.Sprint6.Task7.V4.Lib\Tyuiu.AtanaevRI.Sprint6.Task7.V4.Lib.csproj", "{91E71EAB-4284-483E-A982-F43BFF8CE861}"
EndProject
Project("{FAE04EC0-301F-11D3-BF4B-00C04F79EFBC}") = "Tyuiu.AtanaevRI.Sprint6.Task7.V4.Test", "Tyuiu.AtanaevRI.Sprint6.Task7.V4.Test\Tyuiu.AtanaevRI.Sprint6.Task7.V4.Test.csproj", "{26461C0F-D9AC-423A-85D8-5CD4E5E4FA28}"
EndProject
Project("{FAE04EC0-301F-11D3-BF4B-00C04F79EFBC}") = "Tyuiu.AtanaevRI.Sprint6.Task7.V4", "Tyuiu.AtanaevRI.Sprint6.Task7.V4\Tyuiu.AtanaevRI.Sprint6.Task7.V4.csproj", "{6AE7D603-AAFB-47D0-9874-EAEBB5D092DA}"
EndProject
Global
	GlobalSection(SolutionConfigurationPlatforms) = preSolution
		Debug|Any CPU = Debug|Any CPU
		Release|Any CPU = Release|Any CPU
	EndGlobalSection
	GlobalSection(ProjectConfigurationPlatforms) = postSolution
		{A04300C8-7DCF-4136-AA4A-ACAEC0B87422}.Debug|Any CPU.ActiveCfg = Debug|Any CPU
		{A04300C8-7DCF-4136-AA4A-ACAEC0B87422}.Debug|Any CPU.Build.0 = Debug|Any CPU
		{A04300C8-7DCF-4136-AA4A-ACAEC0B87422}.Release|Any CPU.ActiveCfg = Release|Any CPU
		{A04300C8-7DCF-4136-AA4A-ACAEC0B87422}.Release|Any CPU.Build.0 = Release|Any CPU
		{42CE4FAF-1027-4ECB-8B18-57DAE4A22A7F}.Debug|Any CPU.ActiveCfg = Debug|Any CPU
		{42CE4FAF-1027-4ECB-8B18-57DAE4A22A7F}.Debug|Any CPU.Build.0 = Debug|Any CPU
		{42CE4FAF-1027-4ECB-8B18-57DAE4A22A7F}.Release|Any CPU.ActiveCfg = Release|Any CPU
		{42CE4FAF-1027-4ECB-8B18-57DAE4A22A7F}.Release|Any CPU.Build.0 = Release|Any CPU
		{9466DFAF-846F-4661-B1A7-AB300AB7D0F6}.Debug|Any CPU.ActiveCfg = Debug|Any CPU
		{9466DFAF-846F-4661-B1A7-AB300AB7D0F6}.Debug|Any CPU.Build.0 = Debug|Any CPU
		{9466DFAF-846F-4661-B1A7-AB300AB7D0F6}.Release|Any CPU.ActiveCfg = Release|Any CPU
		{9466DFAF-846F-4661-B1A7-AB300AB7D0F6}.Release|Any CPU.Build.0 = Release|Any CPU
		{3BB3B699-4B6B-4B86-9C48-A1329DA3BC89}.Debug|Any CPU.ActiveCfg = Debug|Any CPU
		{3BB3B699-4B6B-4B86-9C48-A1329DA3BC89}.Debug|Any CPU.Build.0 = Debug|Any CPU
		{3BB3B699-4B6B-4B86-9C48-A1329DA3BC89}.Release|Any CPU.ActiveCfg = Release|Any CPU
		{3BB3B699-4B6B-4B86-9C48-A1329DA3BC89}.Release|Any CPU.Build.0 = Release|Any CPU
		{D9D02D0E-34A6-4F82-BA72-43BCBD0BE3A8}.Debug|Any CPU.ActiveCfg = Debug|Any CPU
		{D9D02D0E-34A6-4F82-BA72-43BCBD0BE3A8}.Debug|Any CPU.Build.0 = Debug|Any CPU
		{D9D02D0E-34A6-4F82-BA72-43BCBD0BE3A8}.Release|Any CPU.ActiveCfg = Release|Any CPU
		{D9D02D0E-34A6-4F82-BA72-43BCBD0BE3A8}.Release|Any CPU.Build.0 = Release|Any CPU
		{113AC803-1762-4624-A977-3990B50837FA}.Debug|Any CPU.ActiveCfg = Debug|Any CPU
		{113AC803-1762-4624-A977-3990B50837FA}.Debug|Any CPU.Build.0 = Debug|Any CPU
		{113AC803-1762-4624-A977-3990B50837FA}.Release|Any CPU.ActiveCfg = Release|Any CPU
		{113AC803-1762-4624-A977-3990B50837FA}.Release|Any CPU.Build.0 = Release|Any CPU
		{143FE6B8-ED8E-4515-AD02-5C635D6E0670}.Debug|Any CPU.ActiveCfg = Debug|Any CPU
		{143FE6B8-ED8E-4515-AD02-5C635D6E0670}.Debug|Any CPU.Build.0 = Debug|Any CPU
		{143FE6B8-ED8E-4515-AD02-5C635D6E0670}.Release|Any CPU.ActiveCfg = Release|Any CPU
		{143FE6B8-ED8E-4515-AD02-5C635D6E0670}.Release|Any CPU.Build.0 = Release|Any CPU
		{A7E6E223-8A5C-4C51-8698-AF371604199B}.Debug|Any CPU.ActiveCfg = Debug|Any CPU
		{A7E6E223-8A5C-4C51-8698-AF371604199B}.Debug|Any CPU.Build.0 = Debug|Any CPU
		{A7E6E223-8A5C-4C51-8698-AF371604199B}.Release|Any CPU.ActiveCfg = Release|Any CPU
		{A7E6E223-8A5C-4C51-8698-AF371604199B}.Release|Any CPU.Build.0 = Release|Any CPU
		{9728827A-DD29-4EEE-AC11-D3FDC6DE4A51}.Debug|Any CPU.ActiveCfg = Debug|Any CPU
		{9728827A-DD29-4EEE-AC11-D3FDC6DE4A51}.Debug|Any CPU.Build.0 = Debug|Any CPU
		{9728827A-DD29-4EEE-AC11-D3FDC6DE4A51}.Release|Any CPU.ActiveCfg = Release|Any CPU
		{9728827A-DD29-4EEE-AC11-D3FDC6DE4A51}.Release|Any CPU.Build.0 = Release|Any CPU
		{8C5A5B3D-1A91-4898-9911-06A7A795CC17}.Debug|Any CPU.ActiveCfg = Debug|Any CPU
		{8C5A5B3D-1A91-4898-9911-06A7A795CC17}.Debug|Any CPU.Build.0 = Debug|Any CPU
		{8C5A5B3D-1A91-4898-9911-06A7A795CC17}.Release|Any CPU.ActiveCfg = Release|Any CPU
		{8C5A5B3D-1A91-4898-9911-06A7A795CC17}.Release|Any CPU.Build.0 = Release|Any CPU
		{6C1F39B3-575B-454F-8165-DE7D2CA09E34}.Debug|Any CPU.ActiveCfg = Debug|Any CPU
		{6C1F39B3-575B-454F-8165-DE7D2CA09E34}.Debug|Any CPU.Build.0 = Debug|Any CPU
		{6C1F39B3-575B-454F-8165-DE7D2CA09E34}.Release|Any CPU.ActiveCfg = Release|Any CPU
		{6C1F39B3-575B-454F-8165-DE7D2CA09E34}.Release|Any CPU.Build.0 = Release|Any CPU
		{66EFF904-697E-4A18-A49B-AE48FCA197CF}.Debug|Any CPU.ActiveCfg = Debug|Any CPU
		{66EFF904-697E-4A18-A49B-AE48FCA197CF}.Debug|Any CPU.Build.0 = Debug|Any CPU
		{66EFF904-697E-4A18-A49B-AE48FCA197CF}.Release|Any CPU.ActiveCfg = Release|Any CPU
		{66EFF904-697E-4A18-A49B-AE48FCA197CF}.Release|Any CPU.Build.0 = Release|Any CPU
		{928BD58D-5013-42F7-B8B4-E3356FE2739D}.Debug|Any CPU.ActiveCfg = Debug|Any CPU
		{928BD58D-5013-42F7-B8B4-E3356FE2739D}.Debug|Any CPU.Build.0 = Debug|Any CPU
		{928BD58D-5013-42F7-B8B4-E3356FE2739D}.Release|Any CPU.ActiveCfg = Release|Any CPU
		{928BD58D-5013-42F7-B8B4-E3356FE2739D}.Release|Any CPU.Build.0 = Release|Any CPU
		{BF9B9968-860E-414E-AEB6-77CB9272C55C}.Debug|Any CPU.ActiveCfg = Debug|Any CPU
		{BF9B9968-860E-414E-AEB6-77CB9272C55C}.Debug|Any CPU.Build.0 = Debug|Any CPU
		{BF9B9968-860E-414E-AEB6-77CB9272C55C}.Release|Any CPU.ActiveCfg = Release|Any CPU
		{BF9B9968-860E-414E-AEB6-77CB9272C55C}.Release|Any CPU.Build.0 = Release|Any CPU
		{F12EB80A-6BA5-41F5-AA40-9ECC1DBDC3FE}.Debug|Any CPU.ActiveCfg = Debug|Any CPU
		{F12EB80A-6BA5-41F5-AA40-9ECC1DBDC3FE}.Debug|Any CPU.Build.0 = Debug|Any CPU
		{F12EB80A-6BA5-41F5-AA40-9ECC1DBDC3FE}.Release|Any CPU.ActiveCfg = Release|Any CPU
		{F12EB80A-6BA5-41F5-AA40-9ECC1DBDC3FE}.Release|Any CPU.Build.0 = Release|Any CPU
		{93A4E298-F41F-4AF1-91B8-934EC481B471}.Debug|Any CPU.ActiveCfg = Debug|Any CPU
		{93A4E298-F41F-4AF1-91B8-934EC481B471}.Debug|Any CPU.Build.0 = Debug|Any CPU
		{93A4E298-F41F-4AF1-91B8-934EC481B471}.Release|Any CPU.ActiveCfg = Release|Any CPU
		{93A4E298-F41F-4AF1-91B8-934EC481B471}.Release|Any CPU.Build.0 = Release|Any CPU
		{D4B2B992-31AE-4694-AF0A-AB034FF44A44}.Debug|Any CPU.ActiveCfg = Debug|Any CPU
		{D4B2B992-31AE-4694-AF0A-AB034FF44A44}.Debug|Any CPU.Build.0 = Debug|Any CPU
		{D4B2B992-31AE-4694-AF0A-AB034FF44A44}.Release|Any CPU.ActiveCfg = Release|Any CPU
		{D4B2B992-31AE-4694-AF0A-AB034FF44A44}.Release|Any CPU.Build.0 = Release|Any CPU
		{0CCFC392-EF9E-4FF4-AEBA-9D20A5D4E745}.Debug|Any CPU.ActiveCfg = Debug|Any CPU
		{0CCFC392-EF9E-4FF4-AEBA-9D20A5D4E745}.Debug|Any CPU.Build.0 = Debug|Any CPU
		{0CCFC392-EF9E-4FF4-AEBA-9D20A5D4E745}.Release|Any CPU.ActiveCfg = Release|Any CPU
		{0CCFC392-EF9E-4FF4-AEBA-9D20A5D4E745}.Release|Any CPU.Build.0 = Release|Any CPU
		{5DDE3599-9769-4B8D-9E0B-AC55E5423EB6}.Debug|Any CPU.ActiveCfg = Debug|Any CPU
		{5DDE3599-9769-4B8D-9E0B-AC55E5423EB6}.Debug|Any CPU.Build.0 = Debug|Any CPU
		{5DDE3599-9769-4B8D-9E0B-AC55E5423EB6}.Release|Any CPU.ActiveCfg = Release|Any CPU
		{5DDE3599-9769-4B8D-9E0B-AC55E5423EB6}.Release|Any CPU.Build.0 = Release|Any CPU
		{6311E595-1183-420C-8DE3-DB7ECB6B31D4}.Debug|Any CPU.ActiveCfg = Debug|Any CPU
		{6311E595-1183-420C-8DE3-DB7ECB6B31D4}.Debug|Any CPU.Build.0 = Debug|Any CPU
		{6311E595-1183-420C-8DE3-DB7ECB6B31D4}.Release|Any CPU.ActiveCfg = Release|Any CPU
		{6311E595-1183-420C-8DE3-DB7ECB6B31D4}.Release|Any CPU.Build.0 = Release|Any CPU
		{3FDE034C-5317-42B7-8D47-CDBB96B4A94A}.Debug|Any CPU.ActiveCfg = Debug|Any CPU
		{3FDE034C-5317-42B7-8D47-CDBB96B4A94A}.Debug|Any CPU.Build.0 = Debug|Any CPU
		{3FDE034C-5317-42B7-8D47-CDBB96B4A94A}.Release|Any CPU.ActiveCfg = Release|Any CPU
		{3FDE034C-5317-42B7-8D47-CDBB96B4A94A}.Release|Any CPU.Build.0 = Release|Any CPU
		{91E71EAB-4284-483E-A982-F43BFF8CE861}.Debug|Any CPU.ActiveCfg = Debug|Any CPU
		{91E71EAB-4284-483E-A982-F43BFF8CE861}.Debug|Any CPU.Build.0 = Debug|Any CPU
		{91E71EAB-4284-483E-A982-F43BFF8CE861}.Release|Any CPU.ActiveCfg = Release|Any CPU
		{91E71EAB-4284-483E-A982-F43BFF8CE861}.Release|Any CPU.Build.0 = Release|Any CPU
		{26461C0F-D9AC-423A-85D8-5CD4E5E4FA28}.Debug|Any CPU.ActiveCfg = Debug|Any CPU
		{26461C0F-D9AC-423A-85D8-5CD4E5E4FA28}.Debug|Any CPU.Build.0 = Debug|Any CPU
		{26461C0F-D9AC-423A-85D8-5CD4E5E4FA28}.Release|Any CPU.ActiveCfg = Release|Any CPU
		{26461C0F-D9AC-423A-85D8-5CD4E5E4FA28}.Release|Any CPU.Build.0 = Release|Any CPU
		{6AE7D603-AAFB-47D0-9874-EAEBB5D092DA}.Debug|Any CPU.ActiveCfg = Debug|Any CPU
		{6AE7D603-AAFB-47D0-9874-EAEBB5D092DA}.Debug|Any CPU.Build.0 = Debug|Any CPU
		{6AE7D603-AAFB-47D0-9874-EAEBB5D092DA}.Release|Any CPU.ActiveCfg = Release|Any CPU
		{6AE7D603-AAFB-47D0-9874-EAEBB5D092DA}.Release|Any CPU.Build.0 = Release|Any CPU
	EndGlobalSection
	GlobalSection(SolutionProperties) = preSolution
		HideSolutionNode = FALSE
	EndGlobalSection
	GlobalSection(NestedProjects) = preSolution
		{A04300C8-7DCF-4136-AA4A-ACAEC0B87422} = {02EA681E-C7D8-13C7-8484-4AC65E1B71E8}
		{42CE4FAF-1027-4ECB-8B18-57DAE4A22A7F} = {02EA681E-C7D8-13C7-8484-4AC65E1B71E8}
		{9466DFAF-846F-4661-B1A7-AB300AB7D0F6} = {02EA681E-C7D8-13C7-8484-4AC65E1B71E8}
		{3BB3B699-4B6B-4B86-9C48-A1329DA3BC89} = {67DA78E5-55DE-4A71-8D27-E6C1127726E6}
		{D9D02D0E-34A6-4F82-BA72-43BCBD0BE3A8} = {67DA78E5-55DE-4A71-8D27-E6C1127726E6}
		{113AC803-1762-4624-A977-3990B50837FA} = {67DA78E5-55DE-4A71-8D27-E6C1127726E6}
		{143FE6B8-ED8E-4515-AD02-5C635D6E0670} = {7D01EEFA-2535-4B24-B9DD-3EFD95E72199}
		{A7E6E223-8A5C-4C51-8698-AF371604199B} = {7D01EEFA-2535-4B24-B9DD-3EFD95E72199}
		{9728827A-DD29-4EEE-AC11-D3FDC6DE4A51} = {7D01EEFA-2535-4B24-B9DD-3EFD95E72199}
		{8C5A5B3D-1A91-4898-9911-06A7A795CC17} = {68439F93-D688-40F6-9930-889B1027D18D}
		{6C1F39B3-575B-454F-8165-DE7D2CA09E34} = {68439F93-D688-40F6-9930-889B1027D18D}
		{66EFF904-697E-4A18-A49B-AE48FCA197CF} = {68439F93-D688-40F6-9930-889B1027D18D}
		{928BD58D-5013-42F7-B8B4-E3356FE2739D} = {F06B95EE-66EA-4B50-AFC5-B8A4EBEE7276}
		{BF9B9968-860E-414E-AEB6-77CB9272C55C} = {F06B95EE-66EA-4B50-AFC5-B8A4EBEE7276}
		{F12EB80A-6BA5-41F5-AA40-9ECC1DBDC3FE} = {F06B95EE-66EA-4B50-AFC5-B8A4EBEE7276}
		{93A4E298-F41F-4AF1-91B8-934EC481B471} = {7C9CB31D-A0CE-41A0-B1D6-0DC9022FF497}
		{D4B2B992-31AE-4694-AF0A-AB034FF44A44} = {7C9CB31D-A0CE-41A0-B1D6-0DC9022FF497}
		{0CCFC392-EF9E-4FF4-AEBA-9D20A5D4E745} = {7C9CB31D-A0CE-41A0-B1D6-0DC9022FF497}
		{5DDE3599-9769-4B8D-9E0B-AC55E5423EB6} = {3CCF1C0B-1429-4E17-969F-6AEDE9680997}
		{6311E595-1183-420C-8DE3-DB7ECB6B31D4} = {3CCF1C0B-1429-4E17-969F-6AEDE9680997}
		{3FDE034C-5317-42B7-8D47-CDBB96B4A94A} = {3CCF1C0B-1429-4E17-969F-6AEDE9680997}
		{26461C0F-D9AC-423A-85D8-5CD4E5E4FA28} = {2D38B3EA-6AA6-45A2-8C9C-438BA0C94A03}
		{6AE7D603-AAFB-47D0-9874-EAEBB5D092DA} = {2D38B3EA-6AA6-45A2-8C9C-438BA0C94A03}
	EndGlobalSection
	GlobalSection(ExtensibilityGlobals) = postSolution
		SolutionGuid = {B9E0E8E1-139F-419A-8006-D28EC6796768}
	EndGlobalSection
EndGlobal
